// !$*UTF8*$!
{
	archiveVersion = 1;
	classes = {
	};
	objectVersion = 55;
	objects = {

/* Begin PBXBuildFile section */
		1599FF1D215EA78F981C93FE /* Pods_TinderFirestoreClone.framework in Frameworks */ = {isa = PBXBuildFile; fileRef = D277E2E485CE4DC512FD3DBB /* Pods_TinderFirestoreClone.framework */; };
		3F184A9E27DAD08200F1FF9A /* AppDelegate.swift in Sources */ = {isa = PBXBuildFile; fileRef = 3F184A9D27DAD08200F1FF9A /* AppDelegate.swift */; };
		3F184AA027DAD08200F1FF9A /* SceneDelegate.swift in Sources */ = {isa = PBXBuildFile; fileRef = 3F184A9F27DAD08200F1FF9A /* SceneDelegate.swift */; };
		3F184AA227DAD08200F1FF9A /* HomeController.swift in Sources */ = {isa = PBXBuildFile; fileRef = 3F184AA127DAD08200F1FF9A /* HomeController.swift */; };
		3F184AA527DAD08200F1FF9A /* Main.storyboard in Resources */ = {isa = PBXBuildFile; fileRef = 3F184AA327DAD08200F1FF9A /* Main.storyboard */; };
		3F184AA727DAD08500F1FF9A /* Assets.xcassets in Resources */ = {isa = PBXBuildFile; fileRef = 3F184AA627DAD08500F1FF9A /* Assets.xcassets */; };
		3F184AAA27DAD08500F1FF9A /* LaunchScreen.storyboard in Resources */ = {isa = PBXBuildFile; fileRef = 3F184AA827DAD08500F1FF9A /* LaunchScreen.storyboard */; };
		3F184AB327DAD92800F1FF9A /* Extensions+UIView.swift in Sources */ = {isa = PBXBuildFile; fileRef = 3F184AB227DAD92800F1FF9A /* Extensions+UIView.swift */; };
		3F184AB627DC0F6200F1FF9A /* HomeBottomControlsStackView.swift in Sources */ = {isa = PBXBuildFile; fileRef = 3F184AB527DC0F6200F1FF9A /* HomeBottomControlsStackView.swift */; };
		3F184AB827DC1CE900F1FF9A /* TopNavigationStackView.swift in Sources */ = {isa = PBXBuildFile; fileRef = 3F184AB727DC1CE900F1FF9A /* TopNavigationStackView.swift */; };
		3F20B724280A3043008CF8C8 /* AgeRangeCell.swift in Sources */ = {isa = PBXBuildFile; fileRef = 3F20B723280A3043008CF8C8 /* AgeRangeCell.swift */; };
		3F23B13227E2801B00CE6C2C /* CardViewModel.swift in Sources */ = {isa = PBXBuildFile; fileRef = 3F23B13127E2801B00CE6C2C /* CardViewModel.swift */; };
		3F3518A927F7DBC80049D5CB /* Bindable.swift in Sources */ = {isa = PBXBuildFile; fileRef = 3F3518A827F7DBC80049D5CB /* Bindable.swift */; };
		3F389F2F2804E0DE00611856 /* SettingsController.swift in Sources */ = {isa = PBXBuildFile; fileRef = 3F389F2E2804E0DE00611856 /* SettingsController.swift */; };
		3F3DA93627E06341007FE2F2 /* User.swift in Sources */ = {isa = PBXBuildFile; fileRef = 3F3DA93527E06341007FE2F2 /* User.swift */; };
		3F5C2CB327DDD61A00B45BF6 /* CardView.swift in Sources */ = {isa = PBXBuildFile; fileRef = 3F5C2CB227DDD61A00B45BF6 /* CardView.swift */; };
		3F72E17227E4415E00AC7320 /* Advertiser.swift in Sources */ = {isa = PBXBuildFile; fileRef = 3F72E17127E4415E00AC7320 /* Advertiser.swift */; };
		3F72E17427F25DC800AC7320 /* RegistrationController.swift in Sources */ = {isa = PBXBuildFile; fileRef = 3F72E17327F25DC800AC7320 /* RegistrationController.swift */; };
		3F72E17627F27CB200AC7320 /* CustomTextField.swift in Sources */ = {isa = PBXBuildFile; fileRef = 3F72E17527F27CB200AC7320 /* CustomTextField.swift */; };
		3F8BD5CF27F9799E002B4776 /* GoogleService-Info.plist in Resources */ = {isa = PBXBuildFile; fileRef = 3F8BD5CE27F9799E002B4776 /* GoogleService-Info.plist */; };
		3FDECBE8280629CB00C47131 /* SettingsCell.swift in Sources */ = {isa = PBXBuildFile; fileRef = 3FDECBE7280629CB00C47131 /* SettingsCell.swift */; };
		3FF2D12827F4EABC00F5D6B1 /* RegistrationViewModel.swift in Sources */ = {isa = PBXBuildFile; fileRef = 3FF2D12727F4EABC00F5D6B1 /* RegistrationViewModel.swift */; };
/* End PBXBuildFile section */

/* Begin PBXFileReference section */
		1EDC39227AACA68354FA64C8 /* Pods-TinderFirestoreClone.release.xcconfig */ = {isa = PBXFileReference; includeInIndex = 1; lastKnownFileType = text.xcconfig; name = "Pods-TinderFirestoreClone.release.xcconfig"; path = "Target Support Files/Pods-TinderFirestoreClone/Pods-TinderFirestoreClone.release.xcconfig"; sourceTree = "<group>"; };
		22D495AA11C12ABBA29FA380 /* Pods-TinderFirestoreClone.debug.xcconfig */ = {isa = PBXFileReference; includeInIndex = 1; lastKnownFileType = text.xcconfig; name = "Pods-TinderFirestoreClone.debug.xcconfig"; path = "Target Support Files/Pods-TinderFirestoreClone/Pods-TinderFirestoreClone.debug.xcconfig"; sourceTree = "<group>"; };
		3F184A9A27DAD08200F1FF9A /* TinderFirestoreClone.app */ = {isa = PBXFileReference; explicitFileType = wrapper.application; includeInIndex = 0; path = TinderFirestoreClone.app; sourceTree = BUILT_PRODUCTS_DIR; };
		3F184A9D27DAD08200F1FF9A /* AppDelegate.swift */ = {isa = PBXFileReference; lastKnownFileType = sourcecode.swift; path = AppDelegate.swift; sourceTree = "<group>"; };
		3F184A9F27DAD08200F1FF9A /* SceneDelegate.swift */ = {isa = PBXFileReference; lastKnownFileType = sourcecode.swift; path = SceneDelegate.swift; sourceTree = "<group>"; };
		3F184AA127DAD08200F1FF9A /* HomeController.swift */ = {isa = PBXFileReference; lastKnownFileType = sourcecode.swift; path = HomeController.swift; sourceTree = "<group>"; };
		3F184AA427DAD08200F1FF9A /* Base */ = {isa = PBXFileReference; lastKnownFileType = file.storyboard; name = Base; path = Base.lproj/Main.storyboard; sourceTree = "<group>"; };
		3F184AA627DAD08500F1FF9A /* Assets.xcassets */ = {isa = PBXFileReference; lastKnownFileType = folder.assetcatalog; path = Assets.xcassets; sourceTree = "<group>"; };
		3F184AA927DAD08500F1FF9A /* Base */ = {isa = PBXFileReference; lastKnownFileType = file.storyboard; name = Base; path = Base.lproj/LaunchScreen.storyboard; sourceTree = "<group>"; };
		3F184AAB27DAD08500F1FF9A /* Info.plist */ = {isa = PBXFileReference; lastKnownFileType = text.plist.xml; path = Info.plist; sourceTree = "<group>"; };
		3F184AB227DAD92800F1FF9A /* Extensions+UIView.swift */ = {isa = PBXFileReference; lastKnownFileType = sourcecode.swift; path = "Extensions+UIView.swift"; sourceTree = "<group>"; };
		3F184AB527DC0F6200F1FF9A /* HomeBottomControlsStackView.swift */ = {isa = PBXFileReference; lastKnownFileType = sourcecode.swift; path = HomeBottomControlsStackView.swift; sourceTree = "<group>"; };
		3F184AB727DC1CE900F1FF9A /* TopNavigationStackView.swift */ = {isa = PBXFileReference; lastKnownFileType = sourcecode.swift; path = TopNavigationStackView.swift; sourceTree = "<group>"; };
		3F20B723280A3043008CF8C8 /* AgeRangeCell.swift */ = {isa = PBXFileReference; lastKnownFileType = sourcecode.swift; path = AgeRangeCell.swift; sourceTree = "<group>"; };
		3F23B13127E2801B00CE6C2C /* CardViewModel.swift */ = {isa = PBXFileReference; lastKnownFileType = sourcecode.swift; path = CardViewModel.swift; sourceTree = "<group>"; };
		3F3518A827F7DBC80049D5CB /* Bindable.swift */ = {isa = PBXFileReference; lastKnownFileType = sourcecode.swift; path = Bindable.swift; sourceTree = "<group>"; };
		3F389F2E2804E0DE00611856 /* SettingsController.swift */ = {isa = PBXFileReference; lastKnownFileType = sourcecode.swift; path = SettingsController.swift; sourceTree = "<group>"; };
		3F3DA93527E06341007FE2F2 /* User.swift */ = {isa = PBXFileReference; lastKnownFileType = sourcecode.swift; path = User.swift; sourceTree = "<group>"; };
		3F5C2CB227DDD61A00B45BF6 /* CardView.swift */ = {isa = PBXFileReference; lastKnownFileType = sourcecode.swift; path = CardView.swift; sourceTree = "<group>"; };
		3F72E17127E4415E00AC7320 /* Advertiser.swift */ = {isa = PBXFileReference; lastKnownFileType = sourcecode.swift; path = Advertiser.swift; sourceTree = "<group>"; };
		3F72E17327F25DC800AC7320 /* RegistrationController.swift */ = {isa = PBXFileReference; lastKnownFileType = sourcecode.swift; path = RegistrationController.swift; sourceTree = "<group>"; };
		3F72E17527F27CB200AC7320 /* CustomTextField.swift */ = {isa = PBXFileReference; lastKnownFileType = sourcecode.swift; path = CustomTextField.swift; sourceTree = "<group>"; };
		3F8BD5CE27F9799E002B4776 /* GoogleService-Info.plist */ = {isa = PBXFileReference; fileEncoding = 4; lastKnownFileType = text.plist.xml; path = "GoogleService-Info.plist"; sourceTree = "<group>"; };
		3FDECBE7280629CB00C47131 /* SettingsCell.swift */ = {isa = PBXFileReference; lastKnownFileType = sourcecode.swift; path = SettingsCell.swift; sourceTree = "<group>"; };
		3FF2D12727F4EABC00F5D6B1 /* RegistrationViewModel.swift */ = {isa = PBXFileReference; lastKnownFileType = sourcecode.swift; path = RegistrationViewModel.swift; sourceTree = "<group>"; };
		D277E2E485CE4DC512FD3DBB /* Pods_TinderFirestoreClone.framework */ = {isa = PBXFileReference; explicitFileType = wrapper.framework; includeInIndex = 0; path = Pods_TinderFirestoreClone.framework; sourceTree = BUILT_PRODUCTS_DIR; };
/* End PBXFileReference section */

/* Begin PBXFrameworksBuildPhase section */
		3F184A9727DAD08200F1FF9A /* Frameworks */ = {
			isa = PBXFrameworksBuildPhase;
			buildActionMask = 2147483647;
			files = (
				1599FF1D215EA78F981C93FE /* Pods_TinderFirestoreClone.framework in Frameworks */,
			);
			runOnlyForDeploymentPostprocessing = 0;
		};
/* End PBXFrameworksBuildPhase section */

/* Begin PBXGroup section */
		3F184A9127DAD08200F1FF9A = {
			isa = PBXGroup;
			children = (
				3F184A9C27DAD08200F1FF9A /* TinderFirestoreClone */,
				3F184A9B27DAD08200F1FF9A /* Products */,
				87877AB2FD5E795FD23DFF88 /* Pods */,
				90C34B32C4E0128974962786 /* Frameworks */,
			);
			sourceTree = "<group>";
		};
		3F184A9B27DAD08200F1FF9A /* Products */ = {
			isa = PBXGroup;
			children = (
				3F184A9A27DAD08200F1FF9A /* TinderFirestoreClone.app */,
			);
			name = Products;
			sourceTree = "<group>";
		};
		3F184A9C27DAD08200F1FF9A /* TinderFirestoreClone */ = {
			isa = PBXGroup;
			children = (
				3F23B13027E2800400CE6C2C /* ViewModels */,
				3F3DA93427E0632D007FE2F2 /* Model */,
				3F184AB427DC0F4500F1FF9A /* Views */,
				3F23B12F27E27F2A00CE6C2C /* Controllers */,
				3F184AB127DAD90F00F1FF9A /* Extensions */,
				3F184A9D27DAD08200F1FF9A /* AppDelegate.swift */,
				3F184A9F27DAD08200F1FF9A /* SceneDelegate.swift */,
				3F184AA327DAD08200F1FF9A /* Main.storyboard */,
				3F184AA627DAD08500F1FF9A /* Assets.xcassets */,
				3F184AA827DAD08500F1FF9A /* LaunchScreen.storyboard */,
				3F184AAB27DAD08500F1FF9A /* Info.plist */,
				3F8BD5CE27F9799E002B4776 /* GoogleService-Info.plist */,
			);
			path = TinderFirestoreClone;
			sourceTree = "<group>";
		};
		3F184AB127DAD90F00F1FF9A /* Extensions */ = {
			isa = PBXGroup;
			children = (
				3F184AB227DAD92800F1FF9A /* Extensions+UIView.swift */,
			);
			path = Extensions;
			sourceTree = "<group>";
		};
		3F184AB427DC0F4500F1FF9A /* Views */ = {
			isa = PBXGroup;
			children = (
				3F184AB527DC0F6200F1FF9A /* HomeBottomControlsStackView.swift */,
				3F184AB727DC1CE900F1FF9A /* TopNavigationStackView.swift */,
				3F5C2CB227DDD61A00B45BF6 /* CardView.swift */,
				3F72E17527F27CB200AC7320 /* CustomTextField.swift */,
				3FDECBE7280629CB00C47131 /* SettingsCell.swift */,
				3F20B723280A3043008CF8C8 /* AgeRangeCell.swift */,
			);
			path = Views;
			sourceTree = "<group>";
		};
		3F23B12F27E27F2A00CE6C2C /* Controllers */ = {
			isa = PBXGroup;
			children = (
				3F184AA127DAD08200F1FF9A /* HomeController.swift */,
				3F72E17327F25DC800AC7320 /* RegistrationController.swift */,
				3FF2D12727F4EABC00F5D6B1 /* RegistrationViewModel.swift */,
				3F3518A827F7DBC80049D5CB /* Bindable.swift */,
				3F389F2E2804E0DE00611856 /* SettingsController.swift */,
			);
			path = Controllers;
			sourceTree = "<group>";
		};
		3F23B13027E2800400CE6C2C /* ViewModels */ = {
			isa = PBXGroup;
			children = (
				3F23B13127E2801B00CE6C2C /* CardViewModel.swift */,
			);
			path = ViewModels;
			sourceTree = "<group>";
		};
		3F3DA93427E0632D007FE2F2 /* Model */ = {
			isa = PBXGroup;
			children = (
				3F3DA93527E06341007FE2F2 /* User.swift */,
				3F72E17127E4415E00AC7320 /* Advertiser.swift */,
			);
			path = Model;
			sourceTree = "<group>";
		};
		87877AB2FD5E795FD23DFF88 /* Pods */ = {
			isa = PBXGroup;
			children = (
				22D495AA11C12ABBA29FA380 /* Pods-TinderFirestoreClone.debug.xcconfig */,
				1EDC39227AACA68354FA64C8 /* Pods-TinderFirestoreClone.release.xcconfig */,
			);
			path = Pods;
			sourceTree = "<group>";
		};
		90C34B32C4E0128974962786 /* Frameworks */ = {
			isa = PBXGroup;
			children = (
				D277E2E485CE4DC512FD3DBB /* Pods_TinderFirestoreClone.framework */,
			);
			name = Frameworks;
			sourceTree = "<group>";
		};
/* End PBXGroup section */

/* Begin PBXNativeTarget section */
		3F184A9927DAD08200F1FF9A /* TinderFirestoreClone */ = {
			isa = PBXNativeTarget;
			buildConfigurationList = 3F184AAE27DAD08500F1FF9A /* Build configuration list for PBXNativeTarget "TinderFirestoreClone" */;
			buildPhases = (
				129C05BE347D96915581922D /* [CP] Check Pods Manifest.lock */,
				3F184A9627DAD08200F1FF9A /* Sources */,
				3F184A9727DAD08200F1FF9A /* Frameworks */,
				3F184A9827DAD08200F1FF9A /* Resources */,
				E3890E956C606ABF84532544 /* [CP] Embed Pods Frameworks */,
			);
			buildRules = (
			);
			dependencies = (
			);
			name = TinderFirestoreClone;
			productName = TinderFirestoreClone;
			productReference = 3F184A9A27DAD08200F1FF9A /* TinderFirestoreClone.app */;
			productType = "com.apple.product-type.application";
		};
/* End PBXNativeTarget section */

/* Begin PBXProject section */
		3F184A9227DAD08200F1FF9A /* Project object */ = {
			isa = PBXProject;
			attributes = {
				BuildIndependentTargetsInParallel = 1;
				LastSwiftUpdateCheck = 1310;
				LastUpgradeCheck = 1310;
				ORGANIZATIONNAME = "Volkan Kuday";
				TargetAttributes = {
					3F184A9927DAD08200F1FF9A = {
						CreatedOnToolsVersion = 13.1;
					};
				};
			};
			buildConfigurationList = 3F184A9527DAD08200F1FF9A /* Build configuration list for PBXProject "TinderFirestoreClone" */;
			compatibilityVersion = "Xcode 13.0";
			developmentRegion = en;
			hasScannedForEncodings = 0;
			knownRegions = (
				en,
				Base,
			);
			mainGroup = 3F184A9127DAD08200F1FF9A;
			productRefGroup = 3F184A9B27DAD08200F1FF9A /* Products */;
			projectDirPath = "";
			projectRoot = "";
			targets = (
				3F184A9927DAD08200F1FF9A /* TinderFirestoreClone */,
			);
		};
/* End PBXProject section */

/* Begin PBXResourcesBuildPhase section */
		3F184A9827DAD08200F1FF9A /* Resources */ = {
			isa = PBXResourcesBuildPhase;
			buildActionMask = 2147483647;
			files = (
				3F8BD5CF27F9799E002B4776 /* GoogleService-Info.plist in Resources */,
				3F184AAA27DAD08500F1FF9A /* LaunchScreen.storyboard in Resources */,
				3F184AA727DAD08500F1FF9A /* Assets.xcassets in Resources */,
				3F184AA527DAD08200F1FF9A /* Main.storyboard in Resources */,
			);
			runOnlyForDeploymentPostprocessing = 0;
		};
/* End PBXResourcesBuildPhase section */

/* Begin PBXShellScriptBuildPhase section */
		129C05BE347D96915581922D /* [CP] Check Pods Manifest.lock */ = {
			isa = PBXShellScriptBuildPhase;
			buildActionMask = 2147483647;
			files = (
			);
			inputFileListPaths = (
			);
			inputPaths = (
				"${PODS_PODFILE_DIR_PATH}/Podfile.lock",
				"${PODS_ROOT}/Manifest.lock",
			);
			name = "[CP] Check Pods Manifest.lock";
			outputFileListPaths = (
			);
			outputPaths = (
				"$(DERIVED_FILE_DIR)/Pods-TinderFirestoreClone-checkManifestLockResult.txt",
			);
			runOnlyForDeploymentPostprocessing = 0;
			shellPath = /bin/sh;
			shellScript = "diff \"${PODS_PODFILE_DIR_PATH}/Podfile.lock\" \"${PODS_ROOT}/Manifest.lock\" > /dev/null\nif [ $? != 0 ] ; then\n    # print error to STDERR\n    echo \"error: The sandbox is not in sync with the Podfile.lock. Run 'pod install' or update your CocoaPods installation.\" >&2\n    exit 1\nfi\n# This output is used by Xcode 'outputs' to avoid re-running this script phase.\necho \"SUCCESS\" > \"${SCRIPT_OUTPUT_FILE_0}\"\n";
			showEnvVarsInLog = 0;
		};
		E3890E956C606ABF84532544 /* [CP] Embed Pods Frameworks */ = {
			isa = PBXShellScriptBuildPhase;
			buildActionMask = 2147483647;
			files = (
			);
			inputFileListPaths = (
				"${PODS_ROOT}/Target Support Files/Pods-TinderFirestoreClone/Pods-TinderFirestoreClone-frameworks-${CONFIGURATION}-input-files.xcfilelist",
			);
			name = "[CP] Embed Pods Frameworks";
			outputFileListPaths = (
				"${PODS_ROOT}/Target Support Files/Pods-TinderFirestoreClone/Pods-TinderFirestoreClone-frameworks-${CONFIGURATION}-output-files.xcfilelist",
			);
			runOnlyForDeploymentPostprocessing = 0;
			shellPath = /bin/sh;
			shellScript = "\"${PODS_ROOT}/Target Support Files/Pods-TinderFirestoreClone/Pods-TinderFirestoreClone-frameworks.sh\"\n";
			showEnvVarsInLog = 0;
		};
/* End PBXShellScriptBuildPhase section */

/* Begin PBXSourcesBuildPhase section */
		3F184A9627DAD08200F1FF9A /* Sources */ = {
			isa = PBXSourcesBuildPhase;
			buildActionMask = 2147483647;
			files = (
				3F72E17227E4415E00AC7320 /* Advertiser.swift in Sources */,
				3F5C2CB327DDD61A00B45BF6 /* CardView.swift in Sources */,
				3F184AA227DAD08200F1FF9A /* HomeController.swift in Sources */,
				3F184A9E27DAD08200F1FF9A /* AppDelegate.swift in Sources */,
				3F184AB627DC0F6200F1FF9A /* HomeBottomControlsStackView.swift in Sources */,
				3F20B724280A3043008CF8C8 /* AgeRangeCell.swift in Sources */,
				3F3DA93627E06341007FE2F2 /* User.swift in Sources */,
				3F389F2F2804E0DE00611856 /* SettingsController.swift in Sources */,
				3F72E17427F25DC800AC7320 /* RegistrationController.swift in Sources */,
				3F184AB827DC1CE900F1FF9A /* TopNavigationStackView.swift in Sources */,
				3F3518A927F7DBC80049D5CB /* Bindable.swift in Sources */,
				3F72E17627F27CB200AC7320 /* CustomTextField.swift in Sources */,
				3FF2D12827F4EABC00F5D6B1 /* RegistrationViewModel.swift in Sources */,
				3F184AB327DAD92800F1FF9A /* Extensions+UIView.swift in Sources */,
				3F184AA027DAD08200F1FF9A /* SceneDelegate.swift in Sources */,
				3FDECBE8280629CB00C47131 /* SettingsCell.swift in Sources */,
				3F23B13227E2801B00CE6C2C /* CardViewModel.swift in Sources */,
			);
			runOnlyForDeploymentPostprocessing = 0;
		};
/* End PBXSourcesBuildPhase section */

/* Begin PBXVariantGroup section */
		3F184AA327DAD08200F1FF9A /* Main.storyboard */ = {
			isa = PBXVariantGroup;
			children = (
				3F184AA427DAD08200F1FF9A /* Base */,
			);
			name = Main.storyboard;
			sourceTree = "<group>";
		};
		3F184AA827DAD08500F1FF9A /* LaunchScreen.storyboard */ = {
			isa = PBXVariantGroup;
			children = (
				3F184AA927DAD08500F1FF9A /* Base */,
			);
			name = LaunchScreen.storyboard;
			sourceTree = "<group>";
		};
/* End PBXVariantGroup section */

/* Begin XCBuildConfiguration section */
		3F184AAC27DAD08500F1FF9A /* Debug */ = {
			isa = XCBuildConfiguration;
			buildSettings = {
				ALWAYS_SEARCH_USER_PATHS = NO;
				CLANG_ANALYZER_NONNULL = YES;
				CLANG_ANALYZER_NUMBER_OBJECT_CONVERSION = YES_AGGRESSIVE;
				CLANG_CXX_LANGUAGE_STANDARD = "gnu++17";
				CLANG_CXX_LIBRARY = "libc++";
				CLANG_ENABLE_MODULES = YES;
				CLANG_ENABLE_OBJC_ARC = YES;
				CLANG_ENABLE_OBJC_WEAK = YES;
				CLANG_WARN_BLOCK_CAPTURE_AUTORELEASING = YES;
				CLANG_WARN_BOOL_CONVERSION = YES;
				CLANG_WARN_COMMA = YES;
				CLANG_WARN_CONSTANT_CONVERSION = YES;
				CLANG_WARN_DEPRECATED_OBJC_IMPLEMENTATIONS = YES;
				CLANG_WARN_DIRECT_OBJC_ISA_USAGE = YES_ERROR;
				CLANG_WARN_DOCUMENTATION_COMMENTS = YES;
				CLANG_WARN_EMPTY_BODY = YES;
				CLANG_WARN_ENUM_CONVERSION = YES;
				CLANG_WARN_INFINITE_RECURSION = YES;
				CLANG_WARN_INT_CONVERSION = YES;
				CLANG_WARN_NON_LITERAL_NULL_CONVERSION = YES;
				CLANG_WARN_OBJC_IMPLICIT_RETAIN_SELF = YES;
				CLANG_WARN_OBJC_LITERAL_CONVERSION = YES;
				CLANG_WARN_OBJC_ROOT_CLASS = YES_ERROR;
				CLANG_WARN_QUOTED_INCLUDE_IN_FRAMEWORK_HEADER = YES;
				CLANG_WARN_RANGE_LOOP_ANALYSIS = YES;
				CLANG_WARN_STRICT_PROTOTYPES = YES;
				CLANG_WARN_SUSPICIOUS_MOVE = YES;
				CLANG_WARN_UNGUARDED_AVAILABILITY = YES_AGGRESSIVE;
				CLANG_WARN_UNREACHABLE_CODE = YES;
				CLANG_WARN__DUPLICATE_METHOD_MATCH = YES;
				COPY_PHASE_STRIP = NO;
				DEBUG_INFORMATION_FORMAT = dwarf;
				ENABLE_STRICT_OBJC_MSGSEND = YES;
				ENABLE_TESTABILITY = YES;
				GCC_C_LANGUAGE_STANDARD = gnu11;
				GCC_DYNAMIC_NO_PIC = NO;
				GCC_NO_COMMON_BLOCKS = YES;
				GCC_OPTIMIZATION_LEVEL = 0;
				GCC_PREPROCESSOR_DEFINITIONS = (
					"DEBUG=1",
					"$(inherited)",
				);
				GCC_WARN_64_TO_32_BIT_CONVERSION = YES;
				GCC_WARN_ABOUT_RETURN_TYPE = YES_ERROR;
				GCC_WARN_UNDECLARED_SELECTOR = YES;
				GCC_WARN_UNINITIALIZED_AUTOS = YES_AGGRESSIVE;
				GCC_WARN_UNUSED_FUNCTION = YES;
				GCC_WARN_UNUSED_VARIABLE = YES;
				IPHONEOS_DEPLOYMENT_TARGET = 15.0;
				MTL_ENABLE_DEBUG_INFO = INCLUDE_SOURCE;
				MTL_FAST_MATH = YES;
				ONLY_ACTIVE_ARCH = YES;
				SDKROOT = iphoneos;
				SWIFT_ACTIVE_COMPILATION_CONDITIONS = DEBUG;
				SWIFT_OPTIMIZATION_LEVEL = "-Onone";
			};
			name = Debug;
		};
		3F184AAD27DAD08500F1FF9A /* Release */ = {
			isa = XCBuildConfiguration;
			buildSettings = {
				ALWAYS_SEARCH_USER_PATHS = NO;
				CLANG_ANALYZER_NONNULL = YES;
				CLANG_ANALYZER_NUMBER_OBJECT_CONVERSION = YES_AGGRESSIVE;
				CLANG_CXX_LANGUAGE_STANDARD = "gnu++17";
				CLANG_CXX_LIBRARY = "libc++";
				CLANG_ENABLE_MODULES = YES;
				CLANG_ENABLE_OBJC_ARC = YES;
				CLANG_ENABLE_OBJC_WEAK = YES;
				CLANG_WARN_BLOCK_CAPTURE_AUTORELEASING = YES;
				CLANG_WARN_BOOL_CONVERSION = YES;
				CLANG_WARN_COMMA = YES;
				CLANG_WARN_CONSTANT_CONVERSION = YES;
				CLANG_WARN_DEPRECATED_OBJC_IMPLEMENTATIONS = YES;
				CLANG_WARN_DIRECT_OBJC_ISA_USAGE = YES_ERROR;
				CLANG_WARN_DOCUMENTATION_COMMENTS = YES;
				CLANG_WARN_EMPTY_BODY = YES;
				CLANG_WARN_ENUM_CONVERSION = YES;
				CLANG_WARN_INFINITE_RECURSION = YES;
				CLANG_WARN_INT_CONVERSION = YES;
				CLANG_WARN_NON_LITERAL_NULL_CONVERSION = YES;
				CLANG_WARN_OBJC_IMPLICIT_RETAIN_SELF = YES;
				CLANG_WARN_OBJC_LITERAL_CONVERSION = YES;
				CLANG_WARN_OBJC_ROOT_CLASS = YES_ERROR;
				CLANG_WARN_QUOTED_INCLUDE_IN_FRAMEWORK_HEADER = YES;
				CLANG_WARN_RANGE_LOOP_ANALYSIS = YES;
				CLANG_WARN_STRICT_PROTOTYPES = YES;
				CLANG_WARN_SUSPICIOUS_MOVE = YES;
				CLANG_WARN_UNGUARDED_AVAILABILITY = YES_AGGRESSIVE;
				CLANG_WARN_UNREACHABLE_CODE = YES;
				CLANG_WARN__DUPLICATE_METHOD_MATCH = YES;
				COPY_PHASE_STRIP = NO;
				DEBUG_INFORMATION_FORMAT = "dwarf-with-dsym";
				ENABLE_NS_ASSERTIONS = NO;
				ENABLE_STRICT_OBJC_MSGSEND = YES;
				GCC_C_LANGUAGE_STANDARD = gnu11;
				GCC_NO_COMMON_BLOCKS = YES;
				GCC_WARN_64_TO_32_BIT_CONVERSION = YES;
				GCC_WARN_ABOUT_RETURN_TYPE = YES_ERROR;
				GCC_WARN_UNDECLARED_SELECTOR = YES;
				GCC_WARN_UNINITIALIZED_AUTOS = YES_AGGRESSIVE;
				GCC_WARN_UNUSED_FUNCTION = YES;
				GCC_WARN_UNUSED_VARIABLE = YES;
				IPHONEOS_DEPLOYMENT_TARGET = 15.0;
				MTL_ENABLE_DEBUG_INFO = NO;
				MTL_FAST_MATH = YES;
				SDKROOT = iphoneos;
				SWIFT_COMPILATION_MODE = wholemodule;
				SWIFT_OPTIMIZATION_LEVEL = "-O";
				VALIDATE_PRODUCT = YES;
			};
			name = Release;
		};
		3F184AAF27DAD08500F1FF9A /* Debug */ = {
			isa = XCBuildConfiguration;
			baseConfigurationReference = 22D495AA11C12ABBA29FA380 /* Pods-TinderFirestoreClone.debug.xcconfig */;
			buildSettings = {
				ASSETCATALOG_COMPILER_APPICON_NAME = AppIcon;
				ASSETCATALOG_COMPILER_GLOBAL_ACCENT_COLOR_NAME = AccentColor;
				CODE_SIGN_STYLE = Automatic;
				CURRENT_PROJECT_VERSION = 1;
				DEVELOPMENT_TEAM = M6YX8CTCDN;
				GENERATE_INFOPLIST_FILE = YES;
				INFOPLIST_FILE = TinderFirestoreClone/Info.plist;
				INFOPLIST_KEY_UIApplicationSupportsIndirectInputEvents = YES;
				INFOPLIST_KEY_UILaunchStoryboardName = LaunchScreen;
				INFOPLIST_KEY_UIMainStoryboardFile = Main;
				INFOPLIST_KEY_UISupportedInterfaceOrientations_iPad = "UIInterfaceOrientationPortrait UIInterfaceOrientationPortraitUpsideDown UIInterfaceOrientationLandscapeLeft UIInterfaceOrientationLandscapeRight";
				INFOPLIST_KEY_UISupportedInterfaceOrientations_iPhone = "UIInterfaceOrientationPortrait UIInterfaceOrientationLandscapeLeft UIInterfaceOrientationLandscapeRight";
				LD_RUNPATH_SEARCH_PATHS = (
					"$(inherited)",
					"@executable_path/Frameworks",
				);
				MARKETING_VERSION = 1.0;
				PRODUCT_BUNDLE_IDENTIFIER = com.Kuday.TinderFirestoreClone;
				PRODUCT_NAME = "$(TARGET_NAME)";
				SWIFT_EMIT_LOC_STRINGS = YES;
				SWIFT_VERSION = 5.0;
				TARGETED_DEVICE_FAMILY = "1,2";
			};
			name = Debug;
		};
		3F184AB027DAD08500F1FF9A /* Release */ = {
			isa = XCBuildConfiguration;
			baseConfigurationReference = 1EDC39227AACA68354FA64C8 /* Pods-TinderFirestoreClone.release.xcconfig */;
			buildSettings = {
				ASSETCATALOG_COMPILER_APPICON_NAME = AppIcon;
				ASSETCATALOG_COMPILER_GLOBAL_ACCENT_COLOR_NAME = AccentColor;
				CODE_SIGN_STYLE = Automatic;
				CURRENT_PROJECT_VERSION = 1;
				DEVELOPMENT_TEAM = M6YX8CTCDN;
				GENERATE_INFOPLIST_FILE = YES;
				INFOPLIST_FILE = TinderFirestoreClone/Info.plist;
				INFOPLIST_KEY_UIApplicationSupportsIndirectInputEvents = YES;
				INFOPLIST_KEY_UILaunchStoryboardName = LaunchScreen;
				INFOPLIST_KEY_UIMainStoryboardFile = Main;
				INFOPLIST_KEY_UISupportedInterfaceOrientations_iPad = "UIInterfaceOrientationPortrait UIInterfaceOrientationPortraitUpsideDown UIInterfaceOrientationLandscapeLeft UIInterfaceOrientationLandscapeRight";
				INFOPLIST_KEY_UISupportedInterfaceOrientations_iPhone = "UIInterfaceOrientationPortrait UIInterfaceOrientationLandscapeLeft UIInterfaceOrientationLandscapeRight";
				LD_RUNPATH_SEARCH_PATHS = (
					"$(inherited)",
					"@executable_path/Frameworks",
				);
				MARKETING_VERSION = 1.0;
				PRODUCT_BUNDLE_IDENTIFIER = com.Kuday.TinderFirestoreClone;
				PRODUCT_NAME = "$(TARGET_NAME)";
				SWIFT_EMIT_LOC_STRINGS = YES;
				SWIFT_VERSION = 5.0;
				TARGETED_DEVICE_FAMILY = "1,2";
			};
			name = Release;
		};
/* End XCBuildConfiguration section */

/* Begin XCConfigurationList section */
		3F184A9527DAD08200F1FF9A /* Build configuration list for PBXProject "TinderFirestoreClone" */ = {
			isa = XCConfigurationList;
			buildConfigurations = (
				3F184AAC27DAD08500F1FF9A /* Debug */,
				3F184AAD27DAD08500F1FF9A /* Release */,
			);
			defaultConfigurationIsVisible = 0;
			defaultConfigurationName = Release;
		};
		3F184AAE27DAD08500F1FF9A /* Build configuration list for PBXNativeTarget "TinderFirestoreClone" */ = {
			isa = XCConfigurationList;
			buildConfigurations = (
				3F184AAF27DAD08500F1FF9A /* Debug */,
				3F184AB027DAD08500F1FF9A /* Release */,
			);
			defaultConfigurationIsVisible = 0;
			defaultConfigurationName = Release;
		};
/* End XCConfigurationList section */
	};
	rootObject = 3F184A9227DAD08200F1FF9A /* Project object */;
}
